
Microsoft Visual Studio Solution File, Format Version 12.00
# Visual Studio 14
VisualStudioVersion = 14.0.25123.0
MinimumVisualStudioVersion = 10.0.40219.1
Project("{FAE04EC0-301F-11D3-BF4B-00C04F79EFBC}") = "AlgorithmsAndDataStructuresPart1", "AlgorithmsAndDataStructuresPart1\AlgorithmsAndDataStructuresPart1.csproj", "{4F676D8D-A125-455C-BF95-863FCC59533E}"
EndProject
Global
	GlobalSection(SolutionConfigurationPlatforms) = preSolution
		Debug|Any CPU = Debug|Any CPU
		Release|Any CPU = Release|Any CPU
	EndGlobalSection
	GlobalSection(ProjectConfigurationPlatforms) = postSolution
		{4F676D8D-A125-455C-BF95-863FCC59533E}.Debug|Any CPU.ActiveCfg = Debug|Any CPU
		{4F676D8D-A125-455C-BF95-863FCC59533E}.Debug|Any CPU.Build.0 = Debug|Any CPU
		{4F676D8D-A125-455C-BF95-863FCC59533E}.Release|Any CPU.ActiveCfg = Release|Any CPU
		{4F676D8D-A125-455C-BF95-863FCC59533E}.Release|Any CPU.Build.0 = Release|Any CPU
	EndGlobalSection
	GlobalSection(SolutionProperties) = preSolution
		HideSolutionNode = FALSE
	EndGlobalSection
EndGlobal
